
Microsoft Visual Studio Solution File, Format Version 11.00
# Visual Studio 2010
Project("{FAE04EC0-301F-11D3-BF4B-00C04F79EFBC}") = "htcHealthCenter_TPDates", "htcHealthCenter_TPDates\htcHealthCenter_TPDates.csproj", "{50696420-ADA7-4900-A79C-5D0939D5AACD}"
EndProject
Project("{54435603-DBB4-11D2-8724-00A0C9A8B90C}") = "MHC_Setup", "MHC_Setup\MHC_Setup.vdproj", "{4F26ACDB-786A-43DF-9C62-5217D0830C20}"
EndProject
Global
	GlobalSection(SolutionConfigurationPlatforms) = preSolution
		Debug|x86 = Debug|x86
		Release|x86 = Release|x86
	EndGlobalSection
	GlobalSection(ProjectConfigurationPlatforms) = postSolution
		{50696420-ADA7-4900-A79C-5D0939D5AACD}.Debug|x86.ActiveCfg = Debug|x86
		{50696420-ADA7-4900-A79C-5D0939D5AACD}.Debug|x86.Build.0 = Debug|x86
		{50696420-ADA7-4900-A79C-5D0939D5AACD}.Release|x86.ActiveCfg = Release|x86
		{50696420-ADA7-4900-A79C-5D0939D5AACD}.Release|x86.Build.0 = Release|x86
		{4F26ACDB-786A-43DF-9C62-5217D0830C20}.Debug|x86.ActiveCfg = Debug
		{4F26ACDB-786A-43DF-9C62-5217D0830C20}.Release|x86.ActiveCfg = Release
	EndGlobalSection
	GlobalSection(SolutionProperties) = preSolution
		HideSolutionNode = FALSE
	EndGlobalSection
EndGlobal
