
Microsoft Visual Studio Solution File, Format Version 11.00
# Visual Studio 2010
Project("{FAE04EC0-301F-11D3-BF4B-00C04F79EFBC}") = "BillParse", "BillParse\BillParse.csproj", "{F4E7EA69-59B2-42DF-89C6-22F63103F766}"
EndProject
Project("{54435603-DBB4-11D2-8724-00A0C9A8B90C}") = "setupUSFSBillParse", "Setup\setupUSFSBillParse\setupUSFSBillParse.vdproj", "{27A6B123-D2CE-400C-B50B-D29DA904F2C0}"
EndProject
Global
	GlobalSection(SolutionConfigurationPlatforms) = preSolution
		Debug|x86 = Debug|x86
		Release|x86 = Release|x86
	EndGlobalSection
	GlobalSection(ProjectConfigurationPlatforms) = postSolution
		{F4E7EA69-59B2-42DF-89C6-22F63103F766}.Debug|x86.ActiveCfg = Debug|x86
		{F4E7EA69-59B2-42DF-89C6-22F63103F766}.Debug|x86.Build.0 = Debug|x86
		{F4E7EA69-59B2-42DF-89C6-22F63103F766}.Release|x86.ActiveCfg = Release|x86
		{F4E7EA69-59B2-42DF-89C6-22F63103F766}.Release|x86.Build.0 = Release|x86
		{27A6B123-D2CE-400C-B50B-D29DA904F2C0}.Debug|x86.ActiveCfg = Debug
		{27A6B123-D2CE-400C-B50B-D29DA904F2C0}.Release|x86.ActiveCfg = Release
	EndGlobalSection
	GlobalSection(SolutionProperties) = preSolution
		HideSolutionNode = FALSE
	EndGlobalSection
EndGlobal
