
Microsoft Visual Studio Solution File, Format Version 11.00
# Visual Studio 2010
Project("{FAE04EC0-301F-11D3-BF4B-00C04F79EFBC}") = "FrontDesk", "FrontDesk.csproj", "{57E065D9-1128-4AC0-BE95-435AC691E39D}"
EndProject
Project("{54435603-DBB4-11D2-8724-00A0C9A8B90C}") = "setupFrontDesk", "..\Setup\setupFrontDesk\setupFrontDesk.vdproj", "{5776A48B-9704-4D83-9E0C-36CAE7673A09}"
EndProject
Global
	GlobalSection(SolutionConfigurationPlatforms) = preSolution
		Debug|x86 = Debug|x86
		Release|x86 = Release|x86
	EndGlobalSection
	GlobalSection(ProjectConfigurationPlatforms) = postSolution
		{57E065D9-1128-4AC0-BE95-435AC691E39D}.Debug|x86.ActiveCfg = Debug|x86
		{57E065D9-1128-4AC0-BE95-435AC691E39D}.Debug|x86.Build.0 = Debug|x86
		{57E065D9-1128-4AC0-BE95-435AC691E39D}.Release|x86.ActiveCfg = Release|x86
		{57E065D9-1128-4AC0-BE95-435AC691E39D}.Release|x86.Build.0 = Release|x86
		{5776A48B-9704-4D83-9E0C-36CAE7673A09}.Debug|x86.ActiveCfg = Debug
		{5776A48B-9704-4D83-9E0C-36CAE7673A09}.Release|x86.ActiveCfg = Release
	EndGlobalSection
	GlobalSection(SolutionProperties) = preSolution
		HideSolutionNode = FALSE
	EndGlobalSection
EndGlobal
